
Microsoft Visual Studio Solution File, Format Version 12.00
# Visual Studio Version 17
VisualStudioVersion = 17.3.32922.545
MinimumVisualStudioVersion = 10.0.40219.1
Project("{FAE04EC0-301F-11D3-BF4B-00C04F79EFBC}") = "lista-1", "lista-1\lista-1.csproj", "{67A5ACD4-C5F5-44CC-A31C-86FF8497244A}"
EndProject
Global
	GlobalSection(SolutionConfigurationPlatforms) = preSolution
		Debug|Any CPU = Debug|Any CPU
		Release|Any CPU = Release|Any CPU
	EndGlobalSection
	GlobalSection(ProjectConfigurationPlatforms) = postSolution
		{67A5ACD4-C5F5-44CC-A31C-86FF8497244A}.Debug|Any CPU.ActiveCfg = Debug|Any CPU
		{67A5ACD4-C5F5-44CC-A31C-86FF8497244A}.Debug|Any CPU.Build.0 = Debug|Any CPU
		{67A5ACD4-C5F5-44CC-A31C-86FF8497244A}.Release|Any CPU.ActiveCfg = Release|Any CPU
		{67A5ACD4-C5F5-44CC-A31C-86FF8497244A}.Release|Any CPU.Build.0 = Release|Any CPU
	EndGlobalSection
	GlobalSection(SolutionProperties) = preSolution
		HideSolutionNode = FALSE
	EndGlobalSection
	GlobalSection(ExtensibilityGlobals) = postSolution
		SolutionGuid = {57D2193F-A076-4565-A788-AD985D8B0566}
	EndGlobalSection
EndGlobal
